
Microsoft Visual Studio Solution File, Format Version 12.00
# Visual Studio Version 17
VisualStudioVersion = 17.2.32616.157
MinimumVisualStudioVersion = 10.0.40219.1
Project("{9A19103F-16F7-4668-BE54-9A1E7A4F7556}") = "MenuMe1", "MenuMe1\MenuMe1.csproj", "{A0C32111-7932-4645-8E5D-30812B5C413C}"
EndProject
Global
	GlobalSection(SolutionConfigurationPlatforms) = preSolution
		Debug|Any CPU = Debug|Any CPU
		Release|Any CPU = Release|Any CPU
	EndGlobalSection
	GlobalSection(ProjectConfigurationPlatforms) = postSolution
		{A0C32111-7932-4645-8E5D-30812B5C413C}.Debug|Any CPU.ActiveCfg = Debug|Any CPU
		{A0C32111-7932-4645-8E5D-30812B5C413C}.Debug|Any CPU.Build.0 = Debug|Any CPU
		{A0C32111-7932-4645-8E5D-30812B5C413C}.Release|Any CPU.ActiveCfg = Release|Any CPU
		{A0C32111-7932-4645-8E5D-30812B5C413C}.Release|Any CPU.Build.0 = Release|Any CPU
	EndGlobalSection
	GlobalSection(SolutionProperties) = preSolution
		HideSolutionNode = FALSE
	EndGlobalSection
	GlobalSection(ExtensibilityGlobals) = postSolution
		SolutionGuid = {C771DBA6-64FC-4868-8EAE-7E4AD6F3B46B}
	EndGlobalSection
EndGlobal
